// !$*UTF8*$!
{
	archiveVersion = 1;
	classes = {
	};
	objectVersion = 46;
	objects = {

/* Begin PBXBuildFile section */
		C9051FF31BCC7AE800CDA3C9 /* magic64.S in Sources */ = {isa = PBXBuildFile; fileRef = C9051FE71BCC7AE800CDA3C9 /* magic64.S */; };
		C9051FF41BCC7AE800CDA3C9 /* lwp_main.c in Sources */ = {isa = PBXBuildFile; fileRef = C9051FE81BCC7AE800CDA3C9 /* lwp_main.c */; };
		C9051FF51BCC7AE800CDA3C9 /* Makefile in Sources */ = {isa = PBXBuildFile; fileRef = C9051FE91BCC7AE800CDA3C9 /* Makefile */; };
		C96B30661BB61DFE001C22BE /* main.c in Sources */ = {isa = PBXBuildFile; fileRef = C96B30631BB61DFE001C22BE /* main.c */; };
		C96B30671BB61DFE001C22BE /* Makefile in Sources */ = {isa = PBXBuildFile; fileRef = C96B30641BB61DFE001C22BE /* Makefile */; };
		C96B307E1BB90B21001C22BE /* malloc.c in Sources */ = {isa = PBXBuildFile; fileRef = C96B30691BB61F7F001C22BE /* malloc.c */; };
		C96B307F1BB90B24001C22BE /* testMalloc.c in Sources */ = {isa = PBXBuildFile; fileRef = C96B30701BB622CD001C22BE /* testMalloc.c */; };
		C97F0C411C0D821300915E64 /* minls.c in Sources */ = {isa = PBXBuildFile; fileRef = C97F0C401C0D821300915E64 /* minls.c */; };
		C9BA5B501BE159B400A761FC /* dining.c in Sources */ = {isa = PBXBuildFile; fileRef = C9BA5B4F1BE159B400A761FC /* dining.c */; };
		C9E27FED1C12759B00344977 /* min_common.c in Sources */ = {isa = PBXBuildFile; fileRef = C9E27FEC1C12759B00344977 /* min_common.c */; };
		C9E27FF31C1287A200344977 /* minls.c in Sources */ = {isa = PBXBuildFile; fileRef = C9E27FF21C1287A200344977 /* minls.c */; };
		C9E27FF51C1287B000344977 /* minget.c in Sources */ = {isa = PBXBuildFile; fileRef = C9E27FF41C1287B000344977 /* minget.c */; };
/* End PBXBuildFile section */

/* Begin PBXCopyFilesBuildPhase section */
		C91E720F1BC3BA6D007CD24A /* CopyFiles */ = {
			isa = PBXCopyFilesBuildPhase;
			buildActionMask = 2147483647;
			dstPath = /usr/share/man/man1/;
			dstSubfolderSpec = 0;
			files = (
			);
			runOnlyForDeploymentPostprocessing = 1;
		};
		C92A51B31BB09296002BE266 /* CopyFiles */ = {
			isa = PBXCopyFilesBuildPhase;
			buildActionMask = 2147483647;
			dstPath = /usr/share/man/man1/;
			dstSubfolderSpec = 0;
			files = (
			);
			runOnlyForDeploymentPostprocessing = 1;
		};
		C96B30751BB90B05001C22BE /* CopyFiles */ = {
			isa = PBXCopyFilesBuildPhase;
			buildActionMask = 2147483647;
			dstPath = /usr/share/man/man1/;
			dstSubfolderSpec = 0;
			files = (
			);
			runOnlyForDeploymentPostprocessing = 1;
		};
		C97F0C361C0D820500915E64 /* CopyFiles */ = {
			isa = PBXCopyFilesBuildPhase;
			buildActionMask = 2147483647;
			dstPath = /usr/share/man/man1/;
			dstSubfolderSpec = 0;
			files = (
			);
			runOnlyForDeploymentPostprocessing = 1;
		};
		C9BA5B4B1BE159B400A761FC /* CopyFiles */ = {
			isa = PBXCopyFilesBuildPhase;
			buildActionMask = 2147483647;
			dstPath = /usr/share/man/man1/;
			dstSubfolderSpec = 0;
			files = (
			);
			runOnlyForDeploymentPostprocessing = 1;
		};
		C9E27FE81C12759B00344977 /* CopyFiles */ = {
			isa = PBXCopyFilesBuildPhase;
			buildActionMask = 2147483647;
			dstPath = /usr/share/man/man1/;
			dstSubfolderSpec = 0;
			files = (
			);
			runOnlyForDeploymentPostprocessing = 1;
		};
/* End PBXCopyFilesBuildPhase section */

/* Begin PBXFileReference section */
		5DE4DED21C0FD38600A45C26 /* TestImage */ = {isa = PBXFileReference; lastKnownFileType = file; path = TestImage; sourceTree = "<group>"; };
		C9051FE61BCC7AE800CDA3C9 /* lwp.h */ = {isa = PBXFileReference; fileEncoding = 4; lastKnownFileType = sourcecode.c.h; name = lwp.h; path = assignments/program2/lwp.h; sourceTree = "<group>"; };
		C9051FE71BCC7AE800CDA3C9 /* magic64.S */ = {isa = PBXFileReference; fileEncoding = 4; lastKnownFileType = sourcecode.asm; name = magic64.S; path = assignments/program2/magic64.S; sourceTree = "<group>"; };
		C9051FE81BCC7AE800CDA3C9 /* lwp_main.c */ = {isa = PBXFileReference; fileEncoding = 4; lastKnownFileType = sourcecode.c.c; name = lwp_main.c; path = assignments/program2/lwp_main.c; sourceTree = "<group>"; };
		C9051FE91BCC7AE800CDA3C9 /* Makefile */ = {isa = PBXFileReference; fileEncoding = 4; lastKnownFileType = sourcecode.make; name = Makefile; path = assignments/program2/Makefile; sourceTree = "<group>"; };
		C9051FEC1BCC7AE800CDA3C9 /* README */ = {isa = PBXFileReference; fileEncoding = 4; lastKnownFileType = text; name = README; path = assignments/program2/README; sourceTree = "<group>"; };
		C91E72111BC3BA6D007CD24A /* program2 */ = {isa = PBXFileReference; explicitFileType = "compiled.mach-o.executable"; includeInIndex = 0; path = program2; sourceTree = BUILT_PRODUCTS_DIR; };
		C92A51B51BB09296002BE266 /* assignments */ = {isa = PBXFileReference; explicitFileType = "compiled.mach-o.executable"; includeInIndex = 0; path = assignments; sourceTree = BUILT_PRODUCTS_DIR; };
		C96B30631BB61DFE001C22BE /* main.c */ = {isa = PBXFileReference; fileEncoding = 4; lastKnownFileType = sourcecode.c.c; path = main.c; sourceTree = "<group>"; };
		C96B30641BB61DFE001C22BE /* Makefile */ = {isa = PBXFileReference; fileEncoding = 4; lastKnownFileType = sourcecode.make; path = Makefile; sourceTree = "<group>"; };
		C96B30691BB61F7F001C22BE /* malloc.c */ = {isa = PBXFileReference; fileEncoding = 4; lastKnownFileType = sourcecode.c.c; path = malloc.c; sourceTree = "<group>"; };
		C96B306A1BB61F7F001C22BE /* malloc.h */ = {isa = PBXFileReference; fileEncoding = 4; lastKnownFileType = sourcecode.c.h; path = malloc.h; sourceTree = "<group>"; };
		C96B306C1BB62120001C22BE /* sftp-config.json */ = {isa = PBXFileReference; fileEncoding = 4; lastKnownFileType = text.json; name = "sftp-config.json"; path = "assignments/sftp-config.json"; sourceTree = "<group>"; };
		C96B306E1BB62265001C22BE /* testMalloc.h */ = {isa = PBXFileReference; fileEncoding = 4; lastKnownFileType = sourcecode.c.h; path = testMalloc.h; sourceTree = "<group>"; };
		C96B30701BB622CD001C22BE /* testMalloc.c */ = {isa = PBXFileReference; fileEncoding = 4; lastKnownFileType = sourcecode.c.c; path = testMalloc.c; sourceTree = "<group>"; };
		C96B30771BB90B05001C22BE /* program1 */ = {isa = PBXFileReference; explicitFileType = "compiled.mach-o.executable"; includeInIndex = 0; path = program1; sourceTree = BUILT_PRODUCTS_DIR; };
		C97F0C381C0D820500915E64 /* program5 */ = {isa = PBXFileReference; explicitFileType = "compiled.mach-o.executable"; includeInIndex = 0; path = program5; sourceTree = BUILT_PRODUCTS_DIR; };
		C97F0C401C0D821300915E64 /* minls.c */ = {isa = PBXFileReference; fileEncoding = 4; lastKnownFileType = sourcecode.c.c; path = minls.c; sourceTree = "<group>"; };
		C97F0C431C0D830B00915E64 /* minls.h */ = {isa = PBXFileReference; fileEncoding = 4; lastKnownFileType = sourcecode.c.h; path = minls.h; sourceTree = "<group>"; };
		C9BA5B4D1BE159B400A761FC /* program3 */ = {isa = PBXFileReference; explicitFileType = "compiled.mach-o.executable"; includeInIndex = 0; path = program3; sourceTree = BUILT_PRODUCTS_DIR; };
		C9BA5B4F1BE159B400A761FC /* dining.c */ = {isa = PBXFileReference; lastKnownFileType = sourcecode.c.c; path = dining.c; sourceTree = "<group>"; };
		C9E09CB11C0EC054009E6363 /* BigDirectories */ = {isa = PBXFileReference; lastKnownFileType = text; name = BigDirectories; path = ../unix_side/files_given/images/BigDirectories; sourceTree = "<group>"; };
		C9E09CB21C0EC054009E6363 /* BigIndirectDirs */ = {isa = PBXFileReference; lastKnownFileType = text; name = BigIndirectDirs; path = ../unix_side/files_given/images/BigIndirectDirs; sourceTree = "<group>"; };
		C9E09CB31C0EC054009E6363 /* BigZones-16k */ = {isa = PBXFileReference; lastKnownFileType = text; name = "BigZones-16k"; path = "../unix_side/files_given/images/BigZones-16k"; sourceTree = "<group>"; };
		C9E09CB41C0EC054009E6363 /* BlankDisk */ = {isa = PBXFileReference; lastKnownFileType = text; name = BlankDisk; path = ../unix_side/files_given/images/BlankDisk; sourceTree = "<group>"; };
		C9E09CB51C0EC054009E6363 /* BrokenStuff */ = {isa = PBXFileReference; lastKnownFileType = text; name = BrokenStuff; path = ../unix_side/files_given/images/BrokenStuff; sourceTree = "<group>"; };
		C9E09CB61C0EC054009E6363 /* Files */ = {isa = PBXFileReference; lastKnownFileType = text; name = Files; path = ../unix_side/files_given/images/Files; sourceTree = "<group>"; };
		C9E09CB71C0EC054009E6363 /* HardDisk */ = {isa = PBXFileReference; lastKnownFileType = text; name = HardDisk; path = ../unix_side/files_given/images/HardDisk; sourceTree = "<group>"; };
		C9E09CB81C0EC054009E6363 /* Notes */ = {isa = PBXFileReference; lastKnownFileType = text; name = Notes; path = ../unix_side/files_given/images/Notes; sourceTree = "<group>"; };
		C9E09CB91C0EC054009E6363 /* Partitioned */ = {isa = PBXFileReference; lastKnownFileType = text; name = Partitioned; path = ../unix_side/files_given/images/Partitioned; sourceTree = "<group>"; };
		C9E09CBA1C0EC054009E6363 /* RandomDisk */ = {isa = PBXFileReference; lastKnownFileType = text; name = RandomDisk; path = ../unix_side/files_given/images/RandomDisk; sourceTree = "<group>"; };
		C9E09CBB1C0EC054009E6363 /* ReallyBigZones-64k */ = {isa = PBXFileReference; lastKnownFileType = text; name = "ReallyBigZones-64k"; path = "../unix_side/files_given/images/ReallyBigZones-64k"; sourceTree = "<group>"; };
		C9E09CBC1C0EC054009E6363 /* SmallBlocks--1k */ = {isa = PBXFileReference; lastKnownFileType = text; name = "SmallBlocks--1k"; path = "../unix_side/files_given/images/SmallBlocks--1k"; sourceTree = "<group>"; };
		C9E09CBD1C0EC054009E6363 /* TestImage */ = {isa = PBXFileReference; lastKnownFileType = text; name = TestImage; path = ../unix_side/files_given/images/TestImage; sourceTree = "<group>"; };
		C9E09CBE1C0EC054009E6363 /* WeirdStuff */ = {isa = PBXFileReference; lastKnownFileType = text; name = WeirdStuff; path = ../unix_side/files_given/images/WeirdStuff; sourceTree = "<group>"; };
		C9E27FEA1C12759B00344977 /* my_program5 */ = {isa = PBXFileReference; explicitFileType = "compiled.mach-o.executable"; includeInIndex = 0; path = my_program5; sourceTree = BUILT_PRODUCTS_DIR; };
		C9E27FEC1C12759B00344977 /* min_common.c */ = {isa = PBXFileReference; lastKnownFileType = sourcecode.c.c; path = min_common.c; sourceTree = "<group>"; };
		C9E27FF11C12790800344977 /* min_common.h */ = {isa = PBXFileReference; fileEncoding = 4; lastKnownFileType = sourcecode.c.h; path = min_common.h; sourceTree = "<group>"; };
		C9E27FF21C1287A200344977 /* minls.c */ = {isa = PBXFileReference; fileEncoding = 4; lastKnownFileType = sourcecode.c.c; path = minls.c; sourceTree = "<group>"; };
		C9E27FF41C1287B000344977 /* minget.c */ = {isa = PBXFileReference; fileEncoding = 4; lastKnownFileType = sourcecode.c.c; path = minget.c; sourceTree = "<group>"; };
/* End PBXFileReference section */

/* Begin PBXFrameworksBuildPhase section */
		C91E720E1BC3BA6D007CD24A /* Frameworks */ = {
			isa = PBXFrameworksBuildPhase;
			buildActionMask = 2147483647;
			files = (
			);
			runOnlyForDeploymentPostprocessing = 0;
		};
		C92A51B21BB09296002BE266 /* Frameworks */ = {
			isa = PBXFrameworksBuildPhase;
			buildActionMask = 2147483647;
			files = (
			);
			runOnlyForDeploymentPostprocessing = 0;
		};
		C96B30741BB90B05001C22BE /* Frameworks */ = {
			isa = PBXFrameworksBuildPhase;
			buildActionMask = 2147483647;
			files = (
			);
			runOnlyForDeploymentPostprocessing = 0;
		};
		C97F0C351C0D820500915E64 /* Frameworks */ = {
			isa = PBXFrameworksBuildPhase;
			buildActionMask = 2147483647;
			files = (
			);
			runOnlyForDeploymentPostprocessing = 0;
		};
		C9BA5B4A1BE159B400A761FC /* Frameworks */ = {
			isa = PBXFrameworksBuildPhase;
			buildActionMask = 2147483647;
			files = (
			);
			runOnlyForDeploymentPostprocessing = 0;
		};
		C9E27FE71C12759B00344977 /* Frameworks */ = {
			isa = PBXFrameworksBuildPhase;
			buildActionMask = 2147483647;
			files = (
			);
			runOnlyForDeploymentPostprocessing = 0;
		};
/* End PBXFrameworksBuildPhase section */

/* Begin PBXGroup section */
		C9051FF81BCC7AF000CDA3C9 /* program2 */ = {
			isa = PBXGroup;
			children = (
				C9051FE61BCC7AE800CDA3C9 /* lwp.h */,
				C9051FE71BCC7AE800CDA3C9 /* magic64.S */,
				C9051FE81BCC7AE800CDA3C9 /* lwp_main.c */,
				C9051FE91BCC7AE800CDA3C9 /* Makefile */,
				C9051FEC1BCC7AE800CDA3C9 /* README */,
			);
			name = program2;
			sourceTree = "<group>";
		};
		C92A51AC1BB09296002BE266 = {
			isa = PBXGroup;
			children = (
				C9E09CBF1C0EC061009E6363 /* given_images */,
				C97F0C3F1C0D821300915E64 /* program5 */,
				C9051FF81BCC7AF000CDA3C9 /* program2 */,
				C96B306C1BB62120001C22BE /* sftp-config.json */,
				C96B30681BB61E79001C22BE /* program1 */,
				C96B30621BB61DFE001C22BE /* lab1 */,
				C9BA5B4E1BE159B400A761FC /* program3 */,
				C9E27FEB1C12759B00344977 /* my_program5 */,
				C92A51B61BB09296002BE266 /* Products */,
			);
			sourceTree = "<group>";
		};
		C92A51B61BB09296002BE266 /* Products */ = {
			isa = PBXGroup;
			children = (
				C92A51B51BB09296002BE266 /* assignments */,
				C96B30771BB90B05001C22BE /* program1 */,
				C91E72111BC3BA6D007CD24A /* program2 */,
				C9BA5B4D1BE159B400A761FC /* program3 */,
				C97F0C381C0D820500915E64 /* program5 */,
				C9E27FEA1C12759B00344977 /* my_program5 */,
			);
			name = Products;
			sourceTree = "<group>";
		};
		C96B30621BB61DFE001C22BE /* lab1 */ = {
			isa = PBXGroup;
			children = (
				C96B30631BB61DFE001C22BE /* main.c */,
				C96B30641BB61DFE001C22BE /* Makefile */,
			);
			name = lab1;
			path = assignments/lab1;
			sourceTree = "<group>";
		};
		C96B30681BB61E79001C22BE /* program1 */ = {
			isa = PBXGroup;
			children = (
				C96B30691BB61F7F001C22BE /* malloc.c */,
				C96B306A1BB61F7F001C22BE /* malloc.h */,
				C96B306E1BB62265001C22BE /* testMalloc.h */,
				C96B30701BB622CD001C22BE /* testMalloc.c */,
			);
			name = program1;
			path = assignments/program1;
			sourceTree = "<group>";
		};
		C97F0C3F1C0D821300915E64 /* program5 */ = {
			isa = PBXGroup;
			children = (
				5DE4DED21C0FD38600A45C26 /* TestImage */,
				C97F0C431C0D830B00915E64 /* minls.h */,
				C97F0C401C0D821300915E64 /* minls.c */,
			);
			name = program5;
			path = assignments/program5;
			sourceTree = "<group>";
		};
		C9BA5B4E1BE159B400A761FC /* program3 */ = {
			isa = PBXGroup;
			children = (
				C9BA5B4F1BE159B400A761FC /* dining.c */,
			);
			path = program3;
			sourceTree = "<group>";
		};
		C9E09CBF1C0EC061009E6363 /* given_images */ = {
			isa = PBXGroup;
			children = (
				C9E09CB11C0EC054009E6363 /* BigDirectories */,
				C9E09CB21C0EC054009E6363 /* BigIndirectDirs */,
				C9E09CB31C0EC054009E6363 /* BigZones-16k */,
				C9E09CB41C0EC054009E6363 /* BlankDisk */,
				C9E09CB51C0EC054009E6363 /* BrokenStuff */,
				C9E09CB61C0EC054009E6363 /* Files */,
				C9E09CB71C0EC054009E6363 /* HardDisk */,
				C9E09CB81C0EC054009E6363 /* Notes */,
				C9E09CB91C0EC054009E6363 /* Partitioned */,
				C9E09CBA1C0EC054009E6363 /* RandomDisk */,
				C9E09CBB1C0EC054009E6363 /* ReallyBigZones-64k */,
				C9E09CBC1C0EC054009E6363 /* SmallBlocks--1k */,
				C9E09CBD1C0EC054009E6363 /* TestImage */,
				C9E09CBE1C0EC054009E6363 /* WeirdStuff */,
			);
			name = given_images;
			sourceTree = "<group>";
		};
		C9E27FEB1C12759B00344977 /* my_program5 */ = {
			isa = PBXGroup;
			children = (
				C9E27FEC1C12759B00344977 /* min_common.c */,
				C9E27FF11C12790800344977 /* min_common.h */,
				C9E27FF21C1287A200344977 /* minls.c */,
				C9E27FF41C1287B000344977 /* minget.c */,
			);
			path = my_program5;
			sourceTree = "<group>";
		};
/* End PBXGroup section */

/* Begin PBXNativeTarget section */
		C91E72101BC3BA6D007CD24A /* program2 */ = {
			isa = PBXNativeTarget;
			buildConfigurationList = C91E72171BC3BA6D007CD24A /* Build configuration list for PBXNativeTarget "program2" */;
			buildPhases = (
				C91E720D1BC3BA6D007CD24A /* Sources */,
				C91E720E1BC3BA6D007CD24A /* Frameworks */,
				C91E720F1BC3BA6D007CD24A /* CopyFiles */,
			);
			buildRules = (
			);
			dependencies = (
			);
			name = program2;
			productName = program2;
			productReference = C91E72111BC3BA6D007CD24A /* program2 */;
			productType = "com.apple.product-type.tool";
		};
		C92A51B41BB09296002BE266 /* assignments */ = {
			isa = PBXNativeTarget;
			buildConfigurationList = C92A51BC1BB09296002BE266 /* Build configuration list for PBXNativeTarget "assignments" */;
			buildPhases = (
				C92A51B11BB09296002BE266 /* Sources */,
				C92A51B21BB09296002BE266 /* Frameworks */,
				C92A51B31BB09296002BE266 /* CopyFiles */,
			);
			buildRules = (
			);
			dependencies = (
			);
			name = assignments;
			productName = assignments;
			productReference = C92A51B51BB09296002BE266 /* assignments */;
			productType = "com.apple.product-type.tool";
		};
		C96B30761BB90B05001C22BE /* program1 */ = {
			isa = PBXNativeTarget;
			buildConfigurationList = C96B307B1BB90B06001C22BE /* Build configuration list for PBXNativeTarget "program1" */;
			buildPhases = (
				C96B30731BB90B05001C22BE /* Sources */,
				C96B30741BB90B05001C22BE /* Frameworks */,
				C96B30751BB90B05001C22BE /* CopyFiles */,
			);
			buildRules = (
			);
			dependencies = (
			);
			name = program1;
			productName = program1;
			productReference = C96B30771BB90B05001C22BE /* program1 */;
			productType = "com.apple.product-type.tool";
		};
		C97F0C371C0D820500915E64 /* program5 */ = {
			isa = PBXNativeTarget;
			buildConfigurationList = C97F0C3E1C0D820500915E64 /* Build configuration list for PBXNativeTarget "program5" */;
			buildPhases = (
				C97F0C341C0D820500915E64 /* Sources */,
				C97F0C351C0D820500915E64 /* Frameworks */,
				C97F0C361C0D820500915E64 /* CopyFiles */,
			);
			buildRules = (
			);
			dependencies = (
			);
			name = program5;
			productName = program5;
			productReference = C97F0C381C0D820500915E64 /* program5 */;
			productType = "com.apple.product-type.tool";
		};
		C9BA5B4C1BE159B400A761FC /* program3 */ = {
			isa = PBXNativeTarget;
			buildConfigurationList = C9BA5B531BE159B400A761FC /* Build configuration list for PBXNativeTarget "program3" */;
			buildPhases = (
				C9BA5B491BE159B400A761FC /* Sources */,
				C9BA5B4A1BE159B400A761FC /* Frameworks */,
				C9BA5B4B1BE159B400A761FC /* CopyFiles */,
			);
			buildRules = (
			);
			dependencies = (
			);
			name = program3;
			productName = program3;
			productReference = C9BA5B4D1BE159B400A761FC /* program3 */;
			productType = "com.apple.product-type.tool";
		};
		C9E27FE91C12759B00344977 /* my_program5 */ = {
			isa = PBXNativeTarget;
			buildConfigurationList = C9E27FEE1C12759B00344977 /* Build configuration list for PBXNativeTarget "my_program5" */;
			buildPhases = (
				C9E27FE61C12759B00344977 /* Sources */,
				C9E27FE71C12759B00344977 /* Frameworks */,
				C9E27FE81C12759B00344977 /* CopyFiles */,
			);
			buildRules = (
			);
			dependencies = (
			);
			name = my_program5;
			productName = my_program5;
			productReference = C9E27FEA1C12759B00344977 /* my_program5 */;
			productType = "com.apple.product-type.tool";
		};
/* End PBXNativeTarget section */

/* Begin PBXProject section */
		C92A51AD1BB09296002BE266 /* Project object */ = {
			isa = PBXProject;
			attributes = {
				LastUpgradeCheck = 0700;
				ORGANIZATIONNAME = "Elliot Fiske";
				TargetAttributes = {
					C91E72101BC3BA6D007CD24A = {
						CreatedOnToolsVersion = 7.0.1;
					};
					C92A51B41BB09296002BE266 = {
						CreatedOnToolsVersion = 7.0;
					};
					C96B30761BB90B05001C22BE = {
						CreatedOnToolsVersion = 7.0;
					};
					C97F0C371C0D820500915E64 = {
						CreatedOnToolsVersion = 7.1.1;
					};
					C9BA5B4C1BE159B400A761FC = {
						CreatedOnToolsVersion = 7.1;
					};
					C9E27FE91C12759B00344977 = {
						CreatedOnToolsVersion = 7.1.1;
					};
				};
			};
			buildConfigurationList = C92A51B01BB09296002BE266 /* Build configuration list for PBXProject "assignments" */;
			compatibilityVersion = "Xcode 3.2";
			developmentRegion = English;
			hasScannedForEncodings = 0;
			knownRegions = (
				en,
			);
			mainGroup = C92A51AC1BB09296002BE266;
			productRefGroup = C92A51B61BB09296002BE266 /* Products */;
			projectDirPath = "";
			projectRoot = "";
			targets = (
				C92A51B41BB09296002BE266 /* assignments */,
				C96B30761BB90B05001C22BE /* program1 */,
				C91E72101BC3BA6D007CD24A /* program2 */,
				C9BA5B4C1BE159B400A761FC /* program3 */,
				C97F0C371C0D820500915E64 /* program5 */,
				C9E27FE91C12759B00344977 /* my_program5 */,
			);
		};
/* End PBXProject section */

/* Begin PBXSourcesBuildPhase section */
		C91E720D1BC3BA6D007CD24A /* Sources */ = {
			isa = PBXSourcesBuildPhase;
			buildActionMask = 2147483647;
			files = (
				C9051FF31BCC7AE800CDA3C9 /* magic64.S in Sources */,
				C9051FF51BCC7AE800CDA3C9 /* Makefile in Sources */,
				C9051FF41BCC7AE800CDA3C9 /* lwp_main.c in Sources */,
			);
			runOnlyForDeploymentPostprocessing = 0;
		};
		C92A51B11BB09296002BE266 /* Sources */ = {
			isa = PBXSourcesBuildPhase;
			buildActionMask = 2147483647;
			files = (
				C96B30671BB61DFE001C22BE /* Makefile in Sources */,
				C96B30661BB61DFE001C22BE /* main.c in Sources */,
			);
			runOnlyForDeploymentPostprocessing = 0;
		};
		C96B30731BB90B05001C22BE /* Sources */ = {
			isa = PBXSourcesBuildPhase;
			buildActionMask = 2147483647;
			files = (
				C96B307E1BB90B21001C22BE /* malloc.c in Sources */,
				C96B307F1BB90B24001C22BE /* testMalloc.c in Sources */,
			);
			runOnlyForDeploymentPostprocessing = 0;
		};
		C97F0C341C0D820500915E64 /* Sources */ = {
			isa = PBXSourcesBuildPhase;
			buildActionMask = 2147483647;
			files = (
				C97F0C411C0D821300915E64 /* minls.c in Sources */,
			);
			runOnlyForDeploymentPostprocessing = 0;
		};
		C9BA5B491BE159B400A761FC /* Sources */ = {
			isa = PBXSourcesBuildPhase;
			buildActionMask = 2147483647;
			files = (
				C9BA5B501BE159B400A761FC /* dining.c in Sources */,
			);
			runOnlyForDeploymentPostprocessing = 0;
		};
		C9E27FE61C12759B00344977 /* Sources */ = {
			isa = PBXSourcesBuildPhase;
			buildActionMask = 2147483647;
			files = (
				C9E27FED1C12759B00344977 /* min_common.c in Sources */,
				C9E27FF31C1287A200344977 /* minls.c in Sources */,
				C9E27FF51C1287B000344977 /* minget.c in Sources */,
			);
			runOnlyForDeploymentPostprocessing = 0;
		};
/* End PBXSourcesBuildPhase section */

/* Begin XCBuildConfiguration section */
		C91E72151BC3BA6D007CD24A /* Debug */ = {
			isa = XCBuildConfiguration;
			buildSettings = {
				LIBRARY_SEARCH_PATHS = (
					"$(inherited)",
					"$(PROJECT_DIR)/assignments/program2",
				);
				PRODUCT_NAME = "$(TARGET_NAME)";
			};
			name = Debug;
		};
		C91E72161BC3BA6D007CD24A /* Release */ = {
			isa = XCBuildConfiguration;
			buildSettings = {
				LIBRARY_SEARCH_PATHS = (
					"$(inherited)",
					"$(PROJECT_DIR)/assignments/program2",
				);
				PRODUCT_NAME = "$(TARGET_NAME)";
			};
			name = Release;
		};
		C92A51BA1BB09296002BE266 /* Debug */ = {
			isa = XCBuildConfiguration;
			buildSettings = {
				ALWAYS_SEARCH_USER_PATHS = NO;
				CLANG_CXX_LANGUAGE_STANDARD = "gnu++0x";
				CLANG_CXX_LIBRARY = "libc++";
				CLANG_ENABLE_MODULES = YES;
				CLANG_ENABLE_OBJC_ARC = YES;
				CLANG_WARN_BOOL_CONVERSION = YES;
				CLANG_WARN_CONSTANT_CONVERSION = YES;
				CLANG_WARN_DIRECT_OBJC_ISA_USAGE = YES_ERROR;
				CLANG_WARN_EMPTY_BODY = YES;
				CLANG_WARN_ENUM_CONVERSION = YES;
				CLANG_WARN_INT_CONVERSION = YES;
				CLANG_WARN_OBJC_ROOT_CLASS = YES_ERROR;
				CLANG_WARN_UNREACHABLE_CODE = YES;
				CLANG_WARN__DUPLICATE_METHOD_MATCH = YES;
				COPY_PHASE_STRIP = NO;
				DEBUG_INFORMATION_FORMAT = dwarf;
				ENABLE_STRICT_OBJC_MSGSEND = YES;
				ENABLE_TESTABILITY = YES;
				GCC_C_LANGUAGE_STANDARD = gnu99;
				GCC_DYNAMIC_NO_PIC = NO;
				GCC_NO_COMMON_BLOCKS = YES;
				GCC_OPTIMIZATION_LEVEL = 0;
				GCC_PREPROCESSOR_DEFINITIONS = (
					"DEBUG=1",
					"$(inherited)",
				);
				GCC_WARN_64_TO_32_BIT_CONVERSION = YES;
				GCC_WARN_ABOUT_RETURN_TYPE = YES_ERROR;
				GCC_WARN_UNDECLARED_SELECTOR = YES;
				GCC_WARN_UNINITIALIZED_AUTOS = YES_AGGRESSIVE;
				GCC_WARN_UNUSED_FUNCTION = YES;
				GCC_WARN_UNUSED_VARIABLE = YES;
				MACOSX_DEPLOYMENT_TARGET = 10.10;
				MTL_ENABLE_DEBUG_INFO = YES;
				ONLY_ACTIVE_ARCH = YES;
				SDKROOT = macosx;
			};
			name = Debug;
		};
		C92A51BB1BB09296002BE266 /* Release */ = {
			isa = XCBuildConfiguration;
			buildSettings = {
				ALWAYS_SEARCH_USER_PATHS = NO;
				CLANG_CXX_LANGUAGE_STANDARD = "gnu++0x";
				CLANG_CXX_LIBRARY = "libc++";
				CLANG_ENABLE_MODULES = YES;
				CLANG_ENABLE_OBJC_ARC = YES;
				CLANG_WARN_BOOL_CONVERSION = YES;
				CLANG_WARN_CONSTANT_CONVERSION = YES;
				CLANG_WARN_DIRECT_OBJC_ISA_USAGE = YES_ERROR;
				CLANG_WARN_EMPTY_BODY = YES;
				CLANG_WARN_ENUM_CONVERSION = YES;
				CLANG_WARN_INT_CONVERSION = YES;
				CLANG_WARN_OBJC_ROOT_CLASS = YES_ERROR;
				CLANG_WARN_UNREACHABLE_CODE = YES;
				CLANG_WARN__DUPLICATE_METHOD_MATCH = YES;
				COPY_PHASE_STRIP = NO;
				DEBUG_INFORMATION_FORMAT = "dwarf-with-dsym";
				ENABLE_NS_ASSERTIONS = NO;
				ENABLE_STRICT_OBJC_MSGSEND = YES;
				GCC_C_LANGUAGE_STANDARD = gnu99;
				GCC_NO_COMMON_BLOCKS = YES;
				GCC_WARN_64_TO_32_BIT_CONVERSION = YES;
				GCC_WARN_ABOUT_RETURN_TYPE = YES_ERROR;
				GCC_WARN_UNDECLARED_SELECTOR = YES;
				GCC_WARN_UNINITIALIZED_AUTOS = YES_AGGRESSIVE;
				GCC_WARN_UNUSED_FUNCTION = YES;
				GCC_WARN_UNUSED_VARIABLE = YES;
				MACOSX_DEPLOYMENT_TARGET = 10.10;
				MTL_ENABLE_DEBUG_INFO = NO;
				SDKROOT = macosx;
			};
			name = Release;
		};
		C92A51BD1BB09296002BE266 /* Debug */ = {
			isa = XCBuildConfiguration;
			buildSettings = {
				LIBRARY_SEARCH_PATHS = .;
				PRODUCT_NAME = "$(TARGET_NAME)";
			};
			name = Debug;
		};
		C92A51BE1BB09296002BE266 /* Release */ = {
			isa = XCBuildConfiguration;
			buildSettings = {
				LIBRARY_SEARCH_PATHS = .;
				PRODUCT_NAME = "$(TARGET_NAME)";
			};
			name = Release;
		};
		C96B307C1BB90B06001C22BE /* Debug */ = {
			isa = XCBuildConfiguration;
			buildSettings = {
				GCC_WARN_ABOUT_DEPRECATED_FUNCTIONS = NO;
				PRODUCT_NAME = "$(TARGET_NAME)";
			};
			name = Debug;
		};
		C96B307D1BB90B06001C22BE /* Release */ = {
			isa = XCBuildConfiguration;
			buildSettings = {
				GCC_WARN_ABOUT_DEPRECATED_FUNCTIONS = NO;
				PRODUCT_NAME = "$(TARGET_NAME)";
			};
			name = Release;
		};
		C97F0C3C1C0D820500915E64 /* Debug */ = {
			isa = XCBuildConfiguration;
			buildSettings = {
				CODE_SIGN_IDENTITY = "-";
				PRODUCT_NAME = "$(TARGET_NAME)";
			};
			name = Debug;
		};
		C97F0C3D1C0D820500915E64 /* Release */ = {
			isa = XCBuildConfiguration;
			buildSettings = {
				CODE_SIGN_IDENTITY = "-";
				PRODUCT_NAME = "$(TARGET_NAME)";
			};
			name = Release;
		};
		C9BA5B511BE159B400A761FC /* Debug */ = {
			isa = XCBuildConfiguration;
			buildSettings = {
				CODE_SIGN_IDENTITY = "-";
				PRODUCT_NAME = "$(TARGET_NAME)";
			};
			name = Debug;
		};
		C9BA5B521BE159B400A761FC /* Release */ = {
			isa = XCBuildConfiguration;
			buildSettings = {
				CODE_SIGN_IDENTITY = "-";
				PRODUCT_NAME = "$(TARGET_NAME)";
			};
			name = Release;
		};
		C9E27FEF1C12759B00344977 /* Debug */ = {
			isa = XCBuildConfiguration;
			buildSettings = {
				CODE_SIGN_IDENTITY = "-";
				PRODUCT_NAME = "$(TARGET_NAME)";
			};
			name = Debug;
		};
		C9E27FF01C12759B00344977 /* Release */ = {
			isa = XCBuildConfiguration;
			buildSettings = {
				CODE_SIGN_IDENTITY = "-";
				PRODUCT_NAME = "$(TARGET_NAME)";
			};
			name = Release;
		};
/* End XCBuildConfiguration section */

/* Begin XCConfigurationList section */
		C91E72171BC3BA6D007CD24A /* Build configuration list for PBXNativeTarget "program2" */ = {
			isa = XCConfigurationList;
			buildConfigurations = (
				C91E72151BC3BA6D007CD24A /* Debug */,
				C91E72161BC3BA6D007CD24A /* Release */,
			);
			defaultConfigurationIsVisible = 0;
			defaultConfigurationName = Release;
		};
		C92A51B01BB09296002BE266 /* Build configuration list for PBXProject "assignments" */ = {
			isa = XCConfigurationList;
			buildConfigurations = (
				C92A51BA1BB09296002BE266 /* Debug */,
				C92A51BB1BB09296002BE266 /* Release */,
			);
			defaultConfigurationIsVisible = 0;
			defaultConfigurationName = Release;
		};
		C92A51BC1BB09296002BE266 /* Build configuration list for PBXNativeTarget "assignments" */ = {
			isa = XCConfigurationList;
			buildConfigurations = (
				C92A51BD1BB09296002BE266 /* Debug */,
				C92A51BE1BB09296002BE266 /* Release */,
			);
			defaultConfigurationIsVisible = 0;
			defaultConfigurationName = Release;
		};
		C96B307B1BB90B06001C22BE /* Build configuration list for PBXNativeTarget "program1" */ = {
			isa = XCConfigurationList;
			buildConfigurations = (
				C96B307C1BB90B06001C22BE /* Debug */,
				C96B307D1BB90B06001C22BE /* Release */,
			);
			defaultConfigurationIsVisible = 0;
			defaultConfigurationName = Release;
		};
		C97F0C3E1C0D820500915E64 /* Build configuration list for PBXNativeTarget "program5" */ = {
			isa = XCConfigurationList;
			buildConfigurations = (
				C97F0C3C1C0D820500915E64 /* Debug */,
				C97F0C3D1C0D820500915E64 /* Release */,
			);
			defaultConfigurationIsVisible = 0;
			defaultConfigurationName = Release;
		};
		C9BA5B531BE159B400A761FC /* Build configuration list for PBXNativeTarget "program3" */ = {
			isa = XCConfigurationList;
			buildConfigurations = (
				C9BA5B511BE159B400A761FC /* Debug */,
				C9BA5B521BE159B400A761FC /* Release */,
			);
			defaultConfigurationIsVisible = 0;
			defaultConfigurationName = Release;
		};
		C9E27FEE1C12759B00344977 /* Build configuration list for PBXNativeTarget "my_program5" */ = {
			isa = XCConfigurationList;
			buildConfigurations = (
				C9E27FEF1C12759B00344977 /* Debug */,
				C9E27FF01C12759B00344977 /* Release */,
			);
			defaultConfigurationIsVisible = 0;
		};
/* End XCConfigurationList section */
	};
	rootObject = C92A51AD1BB09296002BE266 /* Project object */;
}
